
Microsoft Visual Studio Solution File, Format Version 12.00
# Visual Studio 15
VisualStudioVersion = 15.0.27130.2036
MinimumVisualStudioVersion = 10.0.40219.1
Project("{FAE04EC0-301F-11D3-BF4B-00C04F79EFBC}") = "ConsoleView", "ProducaoAlimentos\ConsoleView.csproj", "{78ABA9E8-84F2-4F4B-9971-60F618B7BE55}"
EndProject
Global
	GlobalSection(SolutionConfigurationPlatforms) = preSolution
		Debug|Any CPU = Debug|Any CPU
		Release|Any CPU = Release|Any CPU
	EndGlobalSection
	GlobalSection(ProjectConfigurationPlatforms) = postSolution
		{78ABA9E8-84F2-4F4B-9971-60F618B7BE55}.Debug|Any CPU.ActiveCfg = Debug|Any CPU
		{78ABA9E8-84F2-4F4B-9971-60F618B7BE55}.Debug|Any CPU.Build.0 = Debug|Any CPU
		{78ABA9E8-84F2-4F4B-9971-60F618B7BE55}.Release|Any CPU.ActiveCfg = Release|Any CPU
		{78ABA9E8-84F2-4F4B-9971-60F618B7BE55}.Release|Any CPU.Build.0 = Release|Any CPU
	EndGlobalSection
	GlobalSection(SolutionProperties) = preSolution
		HideSolutionNode = FALSE
	EndGlobalSection
	GlobalSection(ExtensibilityGlobals) = postSolution
		SolutionGuid = {549930AD-C841-43E5-BB33-E2C7337C2815}
	EndGlobalSection
EndGlobal
