
Microsoft Visual Studio Solution File, Format Version 12.00
# Visual Studio 15
VisualStudioVersion = 15.0.27130.2036
MinimumVisualStudioVersion = 10.0.40219.1
Project("{FAE04EC0-301F-11D3-BF4B-00C04F79EFBC}") = "WpfView", "WpfView\WpfView.csproj", "{4AFEF888-BB87-4923-BDC3-42C0FC4EEB71}"
EndProject
Project("{FAE04EC0-301F-11D3-BF4B-00C04F79EFBC}") = "ConsoleView", "ConsoleView\ConsoleView.csproj", "{618CF4D8-A800-4FB1-AAEB-0CB43CD793CD}"
EndProject
Project("{FAE04EC0-301F-11D3-BF4B-00C04F79EFBC}") = "Model", "Model\Model.csproj", "{50608A7F-4CC9-4AD0-A896-A23EC546E615}"
EndProject
Global
	GlobalSection(SolutionConfigurationPlatforms) = preSolution
		Debug|Any CPU = Debug|Any CPU
		Release|Any CPU = Release|Any CPU
	EndGlobalSection
	GlobalSection(ProjectConfigurationPlatforms) = postSolution
		{4AFEF888-BB87-4923-BDC3-42C0FC4EEB71}.Debug|Any CPU.ActiveCfg = Debug|Any CPU
		{4AFEF888-BB87-4923-BDC3-42C0FC4EEB71}.Debug|Any CPU.Build.0 = Debug|Any CPU
		{4AFEF888-BB87-4923-BDC3-42C0FC4EEB71}.Release|Any CPU.ActiveCfg = Release|Any CPU
		{4AFEF888-BB87-4923-BDC3-42C0FC4EEB71}.Release|Any CPU.Build.0 = Release|Any CPU
		{618CF4D8-A800-4FB1-AAEB-0CB43CD793CD}.Debug|Any CPU.ActiveCfg = Debug|Any CPU
		{618CF4D8-A800-4FB1-AAEB-0CB43CD793CD}.Debug|Any CPU.Build.0 = Debug|Any CPU
		{618CF4D8-A800-4FB1-AAEB-0CB43CD793CD}.Release|Any CPU.ActiveCfg = Release|Any CPU
		{618CF4D8-A800-4FB1-AAEB-0CB43CD793CD}.Release|Any CPU.Build.0 = Release|Any CPU
		{50608A7F-4CC9-4AD0-A896-A23EC546E615}.Debug|Any CPU.ActiveCfg = Debug|Any CPU
		{50608A7F-4CC9-4AD0-A896-A23EC546E615}.Debug|Any CPU.Build.0 = Debug|Any CPU
		{50608A7F-4CC9-4AD0-A896-A23EC546E615}.Release|Any CPU.ActiveCfg = Release|Any CPU
		{50608A7F-4CC9-4AD0-A896-A23EC546E615}.Release|Any CPU.Build.0 = Release|Any CPU
	EndGlobalSection
	GlobalSection(SolutionProperties) = preSolution
		HideSolutionNode = FALSE
	EndGlobalSection
	GlobalSection(ExtensibilityGlobals) = postSolution
		SolutionGuid = {549930AD-C841-43E5-BB33-E2C7337C2815}
	EndGlobalSection
EndGlobal
